// !$*UTF8*$!
{
	archiveVersion = 1;
	classes = {
	};
	objectVersion = 56;
	objects = {

/* Begin PBXBuildFile section */
		4CDB66010810F33C789633A5 /* Pods_PixelPioneers.framework in Frameworks */ = {isa = PBXBuildFile; fileRef = B18905D4B1A7AC1E1657B87F /* Pods_PixelPioneers.framework */; };
		60E4C59F2A56B7600009BB97 /* RawJSONViewController.swift in Sources */ = {isa = PBXBuildFile; fileRef = 60E4C59E2A56B7600009BB97 /* RawJSONViewController.swift */; };
		60E965302A5562E600014C7F /* AppDelegate.swift in Sources */ = {isa = PBXBuildFile; fileRef = 60E9652F2A5562E600014C7F /* AppDelegate.swift */; };
		60E965322A5562E600014C7F /* SceneDelegate.swift in Sources */ = {isa = PBXBuildFile; fileRef = 60E965312A5562E600014C7F /* SceneDelegate.swift */; };
		60E965342A5562E600014C7F /* ViewController.swift in Sources */ = {isa = PBXBuildFile; fileRef = 60E965332A5562E600014C7F /* ViewController.swift */; };
		60E965372A5562E600014C7F /* Main.storyboard in Resources */ = {isa = PBXBuildFile; fileRef = 60E965352A5562E600014C7F /* Main.storyboard */; };
		60E965392A5562E800014C7F /* Assets.xcassets in Resources */ = {isa = PBXBuildFile; fileRef = 60E965382A5562E800014C7F /* Assets.xcassets */; };
		60E9653C2A5562E800014C7F /* LaunchScreen.storyboard in Resources */ = {isa = PBXBuildFile; fileRef = 60E9653A2A5562E800014C7F /* LaunchScreen.storyboard */; };
		60E965452A556A5B00014C7F /* APIClient.swift in Sources */ = {isa = PBXBuildFile; fileRef = 60E965432A556A5A00014C7F /* APIClient.swift */; };
		60E965462A556A5B00014C7F /* APIRouter.swift in Sources */ = {isa = PBXBuildFile; fileRef = 60E965442A556A5B00014C7F /* APIRouter.swift */; };
		60E965482A55C78F00014C7F /* CreditCardModel.swift in Sources */ = {isa = PBXBuildFile; fileRef = 60E965472A55C78F00014C7F /* CreditCardModel.swift */; };
		60E9654A2A55C7CB00014C7F /* AadharModel.swift in Sources */ = {isa = PBXBuildFile; fileRef = 60E965492A55C7CB00014C7F /* AadharModel.swift */; };
		60E9654C2A55D30F00014C7F /* OCRScannedListViewController.swift in Sources */ = {isa = PBXBuildFile; fileRef = 60E9654B2A55D30F00014C7F /* OCRScannedListViewController.swift */; };
		60E9654F2A55E9AC00014C7F /* OCRScannedListTableViewCell.swift in Sources */ = {isa = PBXBuildFile; fileRef = 60E9654D2A55E9AC00014C7F /* OCRScannedListTableViewCell.swift */; };
		60E965502A55E9AC00014C7F /* OCRScannedListTableViewCell.xib in Resources */ = {isa = PBXBuildFile; fileRef = 60E9654E2A55E9AC00014C7F /* OCRScannedListTableViewCell.xib */; };
		8579BC7A2A56D7DA00E01614 /* ServiceGrid.swift in Sources */ = {isa = PBXBuildFile; fileRef = 8579BC782A56D7DA00E01614 /* ServiceGrid.swift */; };
		8579BC7B2A56D7DA00E01614 /* ServiceGrid.xib in Resources */ = {isa = PBXBuildFile; fileRef = 8579BC792A56D7DA00E01614 /* ServiceGrid.xib */; };
		85FD2A502A55641C00013212 /* SignInViewController.swift in Sources */ = {isa = PBXBuildFile; fileRef = 85FD2A4C2A55641C00013212 /* SignInViewController.swift */; };
		85FD2A522A55641C00013212 /* KYCPageViewController.swift in Sources */ = {isa = PBXBuildFile; fileRef = 85FD2A4E2A55641C00013212 /* KYCPageViewController.swift */; };
		85FD2A532A55641C00013212 /* Utility.swift in Sources */ = {isa = PBXBuildFile; fileRef = 85FD2A4F2A55641C00013212 /* Utility.swift */; };
		85FD2A552A55A6FC00013212 /* Journey.storyboard in Resources */ = {isa = PBXBuildFile; fileRef = 85FD2A542A55A6FC00013212 /* Journey.storyboard */; };
		85FD2A572A55AB6000013212 /* Extensions.swift in Sources */ = {isa = PBXBuildFile; fileRef = 85FD2A562A55AB6000013212 /* Extensions.swift */; };
		85FD2A692A55F7C800013212 /* LandingVC.swift in Sources */ = {isa = PBXBuildFile; fileRef = 85FD2A682A55F7C800013212 /* LandingVC.swift */; };
		85FD2A722A562FD500013212 /* ElectricityBillModel.swift in Sources */ = {isa = PBXBuildFile; fileRef = 85FD2A712A562FD500013212 /* ElectricityBillModel.swift */; };
		85FD2A742A56311900013212 /* MedicalModel.swift in Sources */ = {isa = PBXBuildFile; fileRef = 85FD2A732A56311900013212 /* MedicalModel.swift */; };
		85FD2A762A5631C000013212 /* InvoiceModel.swift in Sources */ = {isa = PBXBuildFile; fileRef = 85FD2A752A5631C000013212 /* InvoiceModel.swift */; };
		85FD2A782A563C7700013212 /* ToastView.swift in Sources */ = {isa = PBXBuildFile; fileRef = 85FD2A772A563C7700013212 /* ToastView.swift */; };
/* End PBXBuildFile section */

/* Begin PBXFileReference section */
		3C627EBDCEE90B6EC481CE3A /* Pods-PixelPioneers.debug.xcconfig */ = {isa = PBXFileReference; includeInIndex = 1; lastKnownFileType = text.xcconfig; name = "Pods-PixelPioneers.debug.xcconfig"; path = "Target Support Files/Pods-PixelPioneers/Pods-PixelPioneers.debug.xcconfig"; sourceTree = "<group>"; };
		60E4C59E2A56B7600009BB97 /* RawJSONViewController.swift */ = {isa = PBXFileReference; lastKnownFileType = sourcecode.swift; path = RawJSONViewController.swift; sourceTree = "<group>"; };
		60E9652C2A5562E600014C7F /* PixelPioneers.app */ = {isa = PBXFileReference; explicitFileType = wrapper.application; includeInIndex = 0; path = PixelPioneers.app; sourceTree = BUILT_PRODUCTS_DIR; };
		60E9652F2A5562E600014C7F /* AppDelegate.swift */ = {isa = PBXFileReference; lastKnownFileType = sourcecode.swift; path = AppDelegate.swift; sourceTree = "<group>"; };
		60E965312A5562E600014C7F /* SceneDelegate.swift */ = {isa = PBXFileReference; lastKnownFileType = sourcecode.swift; path = SceneDelegate.swift; sourceTree = "<group>"; };
		60E965332A5562E600014C7F /* ViewController.swift */ = {isa = PBXFileReference; lastKnownFileType = sourcecode.swift; path = ViewController.swift; sourceTree = "<group>"; };
		60E965362A5562E600014C7F /* Base */ = {isa = PBXFileReference; lastKnownFileType = file.storyboard; name = Base; path = Base.lproj/Main.storyboard; sourceTree = "<group>"; };
		60E965382A5562E800014C7F /* Assets.xcassets */ = {isa = PBXFileReference; lastKnownFileType = folder.assetcatalog; path = Assets.xcassets; sourceTree = "<group>"; };
		60E9653B2A5562E800014C7F /* Base */ = {isa = PBXFileReference; lastKnownFileType = file.storyboard; name = Base; path = Base.lproj/LaunchScreen.storyboard; sourceTree = "<group>"; };
		60E9653D2A5562E800014C7F /* Info.plist */ = {isa = PBXFileReference; lastKnownFileType = text.plist.xml; path = Info.plist; sourceTree = "<group>"; };
		60E965432A556A5A00014C7F /* APIClient.swift */ = {isa = PBXFileReference; fileEncoding = 4; lastKnownFileType = sourcecode.swift; path = APIClient.swift; sourceTree = "<group>"; };
		60E965442A556A5B00014C7F /* APIRouter.swift */ = {isa = PBXFileReference; fileEncoding = 4; lastKnownFileType = sourcecode.swift; path = APIRouter.swift; sourceTree = "<group>"; };
		60E965472A55C78F00014C7F /* CreditCardModel.swift */ = {isa = PBXFileReference; lastKnownFileType = sourcecode.swift; path = CreditCardModel.swift; sourceTree = "<group>"; };
		60E965492A55C7CB00014C7F /* AadharModel.swift */ = {isa = PBXFileReference; lastKnownFileType = sourcecode.swift; path = AadharModel.swift; sourceTree = "<group>"; };
		60E9654B2A55D30F00014C7F /* OCRScannedListViewController.swift */ = {isa = PBXFileReference; lastKnownFileType = sourcecode.swift; path = OCRScannedListViewController.swift; sourceTree = "<group>"; };
		60E9654D2A55E9AC00014C7F /* OCRScannedListTableViewCell.swift */ = {isa = PBXFileReference; lastKnownFileType = sourcecode.swift; path = OCRScannedListTableViewCell.swift; sourceTree = "<group>"; };
		60E9654E2A55E9AC00014C7F /* OCRScannedListTableViewCell.xib */ = {isa = PBXFileReference; lastKnownFileType = file.xib; path = OCRScannedListTableViewCell.xib; sourceTree = "<group>"; };
		8579BC782A56D7DA00E01614 /* ServiceGrid.swift */ = {isa = PBXFileReference; lastKnownFileType = sourcecode.swift; path = ServiceGrid.swift; sourceTree = "<group>"; };
		8579BC792A56D7DA00E01614 /* ServiceGrid.xib */ = {isa = PBXFileReference; lastKnownFileType = file.xib; path = ServiceGrid.xib; sourceTree = "<group>"; };
		85FD2A4C2A55641C00013212 /* SignInViewController.swift */ = {isa = PBXFileReference; fileEncoding = 4; lastKnownFileType = sourcecode.swift; path = SignInViewController.swift; sourceTree = "<group>"; };
		85FD2A4E2A55641C00013212 /* KYCPageViewController.swift */ = {isa = PBXFileReference; fileEncoding = 4; lastKnownFileType = sourcecode.swift; path = KYCPageViewController.swift; sourceTree = "<group>"; };
		85FD2A4F2A55641C00013212 /* Utility.swift */ = {isa = PBXFileReference; fileEncoding = 4; lastKnownFileType = sourcecode.swift; path = Utility.swift; sourceTree = "<group>"; };
		85FD2A542A55A6FC00013212 /* Journey.storyboard */ = {isa = PBXFileReference; lastKnownFileType = file.storyboard; path = Journey.storyboard; sourceTree = "<group>"; };
		85FD2A562A55AB6000013212 /* Extensions.swift */ = {isa = PBXFileReference; lastKnownFileType = sourcecode.swift; path = Extensions.swift; sourceTree = "<group>"; };
		85FD2A682A55F7C800013212 /* LandingVC.swift */ = {isa = PBXFileReference; lastKnownFileType = sourcecode.swift; path = LandingVC.swift; sourceTree = "<group>"; };
		85FD2A712A562FD500013212 /* ElectricityBillModel.swift */ = {isa = PBXFileReference; lastKnownFileType = sourcecode.swift; path = ElectricityBillModel.swift; sourceTree = "<group>"; };
		85FD2A732A56311900013212 /* MedicalModel.swift */ = {isa = PBXFileReference; lastKnownFileType = sourcecode.swift; path = MedicalModel.swift; sourceTree = "<group>"; };
		85FD2A752A5631C000013212 /* InvoiceModel.swift */ = {isa = PBXFileReference; lastKnownFileType = sourcecode.swift; path = InvoiceModel.swift; sourceTree = "<group>"; };
		85FD2A772A563C7700013212 /* ToastView.swift */ = {isa = PBXFileReference; lastKnownFileType = sourcecode.swift; path = ToastView.swift; sourceTree = "<group>"; };
		B18905D4B1A7AC1E1657B87F /* Pods_PixelPioneers.framework */ = {isa = PBXFileReference; explicitFileType = wrapper.framework; includeInIndex = 0; path = Pods_PixelPioneers.framework; sourceTree = BUILT_PRODUCTS_DIR; };
		F401D6C4AFE89ED4F6DBDB8D /* Pods-PixelPioneers.release.xcconfig */ = {isa = PBXFileReference; includeInIndex = 1; lastKnownFileType = text.xcconfig; name = "Pods-PixelPioneers.release.xcconfig"; path = "Target Support Files/Pods-PixelPioneers/Pods-PixelPioneers.release.xcconfig"; sourceTree = "<group>"; };
/* End PBXFileReference section */

/* Begin PBXFrameworksBuildPhase section */
		60E965292A5562E600014C7F /* Frameworks */ = {
			isa = PBXFrameworksBuildPhase;
			buildActionMask = 2147483647;
			files = (
				4CDB66010810F33C789633A5 /* Pods_PixelPioneers.framework in Frameworks */,
			);
			runOnlyForDeploymentPostprocessing = 0;
		};
/* End PBXFrameworksBuildPhase section */

/* Begin PBXGroup section */
		60E965232A5562E600014C7F = {
			isa = PBXGroup;
			children = (
				60E9652E2A5562E600014C7F /* PixelPioneers */,
				60E9652D2A5562E600014C7F /* Products */,
				E0A445F1DFB7DFD9C97EA105 /* Pods */,
				DFA7B36BC354F1AADF11D5F7 /* Frameworks */,
			);
			sourceTree = "<group>";
		};
		60E9652D2A5562E600014C7F /* Products */ = {
			isa = PBXGroup;
			children = (
				60E9652C2A5562E600014C7F /* PixelPioneers.app */,
			);
			name = Products;
			sourceTree = "<group>";
		};
		60E9652E2A5562E600014C7F /* PixelPioneers */ = {
			isa = PBXGroup;
			children = (
				85FD2A702A562E9800013212 /* Extra */,
				85FD2A6F2A562E7F00013212 /* NetworkManager */,
				85FD2A6E2A562E5700013212 /* Model */,
				85FD2A672A55F54300013212 /* VC */,
				85FD2A5A2A55ADA000013212 /* Cells */,
				60E9652F2A5562E600014C7F /* AppDelegate.swift */,
				60E965312A5562E600014C7F /* SceneDelegate.swift */,
				60E965332A5562E600014C7F /* ViewController.swift */,
				60E965352A5562E600014C7F /* Main.storyboard */,
				60E965382A5562E800014C7F /* Assets.xcassets */,
				60E9653A2A5562E800014C7F /* LaunchScreen.storyboard */,
				60E9653D2A5562E800014C7F /* Info.plist */,
				85FD2A542A55A6FC00013212 /* Journey.storyboard */,
			);
			path = PixelPioneers;
			sourceTree = "<group>";
		};
		85FD2A5A2A55ADA000013212 /* Cells */ = {
			isa = PBXGroup;
			children = (
				60E9654D2A55E9AC00014C7F /* OCRScannedListTableViewCell.swift */,
				60E9654E2A55E9AC00014C7F /* OCRScannedListTableViewCell.xib */,
				8579BC782A56D7DA00E01614 /* ServiceGrid.swift */,
				8579BC792A56D7DA00E01614 /* ServiceGrid.xib */,
			);
			path = Cells;
			sourceTree = "<group>";
		};
		85FD2A672A55F54300013212 /* VC */ = {
			isa = PBXGroup;
			children = (
				85FD2A4E2A55641C00013212 /* KYCPageViewController.swift */,
				85FD2A4C2A55641C00013212 /* SignInViewController.swift */,
				60E9654B2A55D30F00014C7F /* OCRScannedListViewController.swift */,
				85FD2A682A55F7C800013212 /* LandingVC.swift */,
				60E4C59E2A56B7600009BB97 /* RawJSONViewController.swift */,
			);
			path = VC;
			sourceTree = "<group>";
		};
		85FD2A6E2A562E5700013212 /* Model */ = {
			isa = PBXGroup;
			children = (
				60E965472A55C78F00014C7F /* CreditCardModel.swift */,
				60E965492A55C7CB00014C7F /* AadharModel.swift */,
				85FD2A712A562FD500013212 /* ElectricityBillModel.swift */,
				85FD2A732A56311900013212 /* MedicalModel.swift */,
				85FD2A752A5631C000013212 /* InvoiceModel.swift */,
			);
			path = Model;
			sourceTree = "<group>";
		};
		85FD2A6F2A562E7F00013212 /* NetworkManager */ = {
			isa = PBXGroup;
			children = (
				60E965432A556A5A00014C7F /* APIClient.swift */,
				60E965442A556A5B00014C7F /* APIRouter.swift */,
			);
			path = NetworkManager;
			sourceTree = "<group>";
		};
		85FD2A702A562E9800013212 /* Extra */ = {
			isa = PBXGroup;
			children = (
				85FD2A562A55AB6000013212 /* Extensions.swift */,
				85FD2A4F2A55641C00013212 /* Utility.swift */,
				85FD2A772A563C7700013212 /* ToastView.swift */,
			);
			path = Extra;
			sourceTree = "<group>";
		};
		DFA7B36BC354F1AADF11D5F7 /* Frameworks */ = {
			isa = PBXGroup;
			children = (
				B18905D4B1A7AC1E1657B87F /* Pods_PixelPioneers.framework */,
			);
			name = Frameworks;
			sourceTree = "<group>";
		};
		E0A445F1DFB7DFD9C97EA105 /* Pods */ = {
			isa = PBXGroup;
			children = (
				3C627EBDCEE90B6EC481CE3A /* Pods-PixelPioneers.debug.xcconfig */,
				F401D6C4AFE89ED4F6DBDB8D /* Pods-PixelPioneers.release.xcconfig */,
			);
			path = Pods;
			sourceTree = "<group>";
		};
/* End PBXGroup section */

/* Begin PBXNativeTarget section */
		60E9652B2A5562E600014C7F /* PixelPioneers */ = {
			isa = PBXNativeTarget;
			buildConfigurationList = 60E965402A5562E800014C7F /* Build configuration list for PBXNativeTarget "PixelPioneers" */;
			buildPhases = (
				E49DAE859248BC2F3B1C9CDD /* [CP] Check Pods Manifest.lock */,
				60E965282A5562E600014C7F /* Sources */,
				60E965292A5562E600014C7F /* Frameworks */,
				60E9652A2A5562E600014C7F /* Resources */,
				8BDF553805719EF89B95A740 /* [CP] Embed Pods Frameworks */,
			);
			buildRules = (
			);
			dependencies = (
			);
			name = PixelPioneers;
			productName = PixelPioneers;
			productReference = 60E9652C2A5562E600014C7F /* PixelPioneers.app */;
			productType = "com.apple.product-type.application";
		};
/* End PBXNativeTarget section */

/* Begin PBXProject section */
		60E965242A5562E600014C7F /* Project object */ = {
			isa = PBXProject;
			attributes = {
				BuildIndependentTargetsInParallel = 1;
				LastSwiftUpdateCheck = 1430;
				LastUpgradeCheck = 1430;
				TargetAttributes = {
					60E9652B2A5562E600014C7F = {
						CreatedOnToolsVersion = 14.3;
					};
				};
			};
			buildConfigurationList = 60E965272A5562E600014C7F /* Build configuration list for PBXProject "PixelPioneers" */;
			compatibilityVersion = "Xcode 14.0";
			developmentRegion = en;
			hasScannedForEncodings = 0;
			knownRegions = (
				en,
				Base,
			);
			mainGroup = 60E965232A5562E600014C7F;
			productRefGroup = 60E9652D2A5562E600014C7F /* Products */;
			projectDirPath = "";
			projectRoot = "";
			targets = (
				60E9652B2A5562E600014C7F /* PixelPioneers */,
			);
		};
/* End PBXProject section */

/* Begin PBXResourcesBuildPhase section */
		60E9652A2A5562E600014C7F /* Resources */ = {
			isa = PBXResourcesBuildPhase;
			buildActionMask = 2147483647;
			files = (
				8579BC7B2A56D7DA00E01614 /* ServiceGrid.xib in Resources */,
				60E9653C2A5562E800014C7F /* LaunchScreen.storyboard in Resources */,
				85FD2A552A55A6FC00013212 /* Journey.storyboard in Resources */,
				60E965502A55E9AC00014C7F /* OCRScannedListTableViewCell.xib in Resources */,
				60E965392A5562E800014C7F /* Assets.xcassets in Resources */,
				60E965372A5562E600014C7F /* Main.storyboard in Resources */,
			);
			runOnlyForDeploymentPostprocessing = 0;
		};
/* End PBXResourcesBuildPhase section */

/* Begin PBXShellScriptBuildPhase section */
		8BDF553805719EF89B95A740 /* [CP] Embed Pods Frameworks */ = {
			isa = PBXShellScriptBuildPhase;
			buildActionMask = 2147483647;
			files = (
			);
			inputFileListPaths = (
				"${PODS_ROOT}/Target Support Files/Pods-PixelPioneers/Pods-PixelPioneers-frameworks-${CONFIGURATION}-input-files.xcfilelist",
			);
			name = "[CP] Embed Pods Frameworks";
			outputFileListPaths = (
				"${PODS_ROOT}/Target Support Files/Pods-PixelPioneers/Pods-PixelPioneers-frameworks-${CONFIGURATION}-output-files.xcfilelist",
			);
			runOnlyForDeploymentPostprocessing = 0;
			shellPath = /bin/sh;
			shellScript = "\"${PODS_ROOT}/Target Support Files/Pods-PixelPioneers/Pods-PixelPioneers-frameworks.sh\"\n";
			showEnvVarsInLog = 0;
		};
		E49DAE859248BC2F3B1C9CDD /* [CP] Check Pods Manifest.lock */ = {
			isa = PBXShellScriptBuildPhase;
			buildActionMask = 2147483647;
			files = (
			);
			inputFileListPaths = (
			);
			inputPaths = (
				"${PODS_PODFILE_DIR_PATH}/Podfile.lock",
				"${PODS_ROOT}/Manifest.lock",
			);
			name = "[CP] Check Pods Manifest.lock";
			outputFileListPaths = (
			);
			outputPaths = (
				"$(DERIVED_FILE_DIR)/Pods-PixelPioneers-checkManifestLockResult.txt",
			);
			runOnlyForDeploymentPostprocessing = 0;
			shellPath = /bin/sh;
			shellScript = "diff \"${PODS_PODFILE_DIR_PATH}/Podfile.lock\" \"${PODS_ROOT}/Manifest.lock\" > /dev/null\nif [ $? != 0 ] ; then\n    # print error to STDERR\n    echo \"error: The sandbox is not in sync with the Podfile.lock. Run 'pod install' or update your CocoaPods installation.\" >&2\n    exit 1\nfi\n# This output is used by Xcode 'outputs' to avoid re-running this script phase.\necho \"SUCCESS\" > \"${SCRIPT_OUTPUT_FILE_0}\"\n";
			showEnvVarsInLog = 0;
		};
/* End PBXShellScriptBuildPhase section */

/* Begin PBXSourcesBuildPhase section */
		60E965282A5562E600014C7F /* Sources */ = {
			isa = PBXSourcesBuildPhase;
			buildActionMask = 2147483647;
			files = (
				85FD2A532A55641C00013212 /* Utility.swift in Sources */,
				60E9654F2A55E9AC00014C7F /* OCRScannedListTableViewCell.swift in Sources */,
				60E965462A556A5B00014C7F /* APIRouter.swift in Sources */,
				85FD2A502A55641C00013212 /* SignInViewController.swift in Sources */,
				60E965342A5562E600014C7F /* ViewController.swift in Sources */,
				60E965482A55C78F00014C7F /* CreditCardModel.swift in Sources */,
				85FD2A722A562FD500013212 /* ElectricityBillModel.swift in Sources */,
				60E965452A556A5B00014C7F /* APIClient.swift in Sources */,
				85FD2A572A55AB6000013212 /* Extensions.swift in Sources */,
				85FD2A782A563C7700013212 /* ToastView.swift in Sources */,
				60E9654A2A55C7CB00014C7F /* AadharModel.swift in Sources */,
				60E965302A5562E600014C7F /* AppDelegate.swift in Sources */,
				85FD2A762A5631C000013212 /* InvoiceModel.swift in Sources */,
				60E4C59F2A56B7600009BB97 /* RawJSONViewController.swift in Sources */,
				85FD2A522A55641C00013212 /* KYCPageViewController.swift in Sources */,
				60E965322A5562E600014C7F /* SceneDelegate.swift in Sources */,
				8579BC7A2A56D7DA00E01614 /* ServiceGrid.swift in Sources */,
				85FD2A692A55F7C800013212 /* LandingVC.swift in Sources */,
				85FD2A742A56311900013212 /* MedicalModel.swift in Sources */,
				60E9654C2A55D30F00014C7F /* OCRScannedListViewController.swift in Sources */,
			);
			runOnlyForDeploymentPostprocessing = 0;
		};
/* End PBXSourcesBuildPhase section */

/* Begin PBXVariantGroup section */
		60E965352A5562E600014C7F /* Main.storyboard */ = {
			isa = PBXVariantGroup;
			children = (
				60E965362A5562E600014C7F /* Base */,
			);
			name = Main.storyboard;
			sourceTree = "<group>";
		};
		60E9653A2A5562E800014C7F /* LaunchScreen.storyboard */ = {
			isa = PBXVariantGroup;
			children = (
				60E9653B2A5562E800014C7F /* Base */,
			);
			name = LaunchScreen.storyboard;
			sourceTree = "<group>";
		};
/* End PBXVariantGroup section */

/* Begin XCBuildConfiguration section */
		60E9653E2A5562E800014C7F /* Debug */ = {
			isa = XCBuildConfiguration;
			buildSettings = {
				ALWAYS_SEARCH_USER_PATHS = NO;
				CLANG_ANALYZER_NONNULL = YES;
				CLANG_ANALYZER_NUMBER_OBJECT_CONVERSION = YES_AGGRESSIVE;
				CLANG_CXX_LANGUAGE_STANDARD = "gnu++20";
				CLANG_ENABLE_MODULES = YES;
				CLANG_ENABLE_OBJC_ARC = YES;
				CLANG_ENABLE_OBJC_WEAK = YES;
				CLANG_WARN_BLOCK_CAPTURE_AUTORELEASING = YES;
				CLANG_WARN_BOOL_CONVERSION = YES;
				CLANG_WARN_COMMA = YES;
				CLANG_WARN_CONSTANT_CONVERSION = YES;
				CLANG_WARN_DEPRECATED_OBJC_IMPLEMENTATIONS = YES;
				CLANG_WARN_DIRECT_OBJC_ISA_USAGE = YES_ERROR;
				CLANG_WARN_DOCUMENTATION_COMMENTS = YES;
				CLANG_WARN_EMPTY_BODY = YES;
				CLANG_WARN_ENUM_CONVERSION = YES;
				CLANG_WARN_INFINITE_RECURSION = YES;
				CLANG_WARN_INT_CONVERSION = YES;
				CLANG_WARN_NON_LITERAL_NULL_CONVERSION = YES;
				CLANG_WARN_OBJC_IMPLICIT_RETAIN_SELF = YES;
				CLANG_WARN_OBJC_LITERAL_CONVERSION = YES;
				CLANG_WARN_OBJC_ROOT_CLASS = YES_ERROR;
				CLANG_WARN_QUOTED_INCLUDE_IN_FRAMEWORK_HEADER = YES;
				CLANG_WARN_RANGE_LOOP_ANALYSIS = YES;
				CLANG_WARN_STRICT_PROTOTYPES = YES;
				CLANG_WARN_SUSPICIOUS_MOVE = YES;
				CLANG_WARN_UNGUARDED_AVAILABILITY = YES_AGGRESSIVE;
				CLANG_WARN_UNREACHABLE_CODE = YES;
				CLANG_WARN__DUPLICATE_METHOD_MATCH = YES;
				COPY_PHASE_STRIP = NO;
				DEBUG_INFORMATION_FORMAT = dwarf;
				ENABLE_STRICT_OBJC_MSGSEND = YES;
				ENABLE_TESTABILITY = YES;
				GCC_C_LANGUAGE_STANDARD = gnu11;
				GCC_DYNAMIC_NO_PIC = NO;
				GCC_NO_COMMON_BLOCKS = YES;
				GCC_OPTIMIZATION_LEVEL = 0;
				GCC_PREPROCESSOR_DEFINITIONS = (
					"DEBUG=1",
					"$(inherited)",
				);
				GCC_WARN_64_TO_32_BIT_CONVERSION = YES;
				GCC_WARN_ABOUT_RETURN_TYPE = YES_ERROR;
				GCC_WARN_UNDECLARED_SELECTOR = YES;
				GCC_WARN_UNINITIALIZED_AUTOS = YES_AGGRESSIVE;
				GCC_WARN_UNUSED_FUNCTION = YES;
				GCC_WARN_UNUSED_VARIABLE = YES;
				IPHONEOS_DEPLOYMENT_TARGET = 16.4;
				MTL_ENABLE_DEBUG_INFO = INCLUDE_SOURCE;
				MTL_FAST_MATH = YES;
				ONLY_ACTIVE_ARCH = YES;
				SDKROOT = iphoneos;
				SWIFT_ACTIVE_COMPILATION_CONDITIONS = DEBUG;
				SWIFT_OPTIMIZATION_LEVEL = "-Onone";
			};
			name = Debug;
		};
		60E9653F2A5562E800014C7F /* Release */ = {
			isa = XCBuildConfiguration;
			buildSettings = {
				ALWAYS_SEARCH_USER_PATHS = NO;
				CLANG_ANALYZER_NONNULL = YES;
				CLANG_ANALYZER_NUMBER_OBJECT_CONVERSION = YES_AGGRESSIVE;
				CLANG_CXX_LANGUAGE_STANDARD = "gnu++20";
				CLANG_ENABLE_MODULES = YES;
				CLANG_ENABLE_OBJC_ARC = YES;
				CLANG_ENABLE_OBJC_WEAK = YES;
				CLANG_WARN_BLOCK_CAPTURE_AUTORELEASING = YES;
				CLANG_WARN_BOOL_CONVERSION = YES;
				CLANG_WARN_COMMA = YES;
				CLANG_WARN_CONSTANT_CONVERSION = YES;
				CLANG_WARN_DEPRECATED_OBJC_IMPLEMENTATIONS = YES;
				CLANG_WARN_DIRECT_OBJC_ISA_USAGE = YES_ERROR;
				CLANG_WARN_DOCUMENTATION_COMMENTS = YES;
				CLANG_WARN_EMPTY_BODY = YES;
				CLANG_WARN_ENUM_CONVERSION = YES;
				CLANG_WARN_INFINITE_RECURSION = YES;
				CLANG_WARN_INT_CONVERSION = YES;
				CLANG_WARN_NON_LITERAL_NULL_CONVERSION = YES;
				CLANG_WARN_OBJC_IMPLICIT_RETAIN_SELF = YES;
				CLANG_WARN_OBJC_LITERAL_CONVERSION = YES;
				CLANG_WARN_OBJC_ROOT_CLASS = YES_ERROR;
				CLANG_WARN_QUOTED_INCLUDE_IN_FRAMEWORK_HEADER = YES;
				CLANG_WARN_RANGE_LOOP_ANALYSIS = YES;
				CLANG_WARN_STRICT_PROTOTYPES = YES;
				CLANG_WARN_SUSPICIOUS_MOVE = YES;
				CLANG_WARN_UNGUARDED_AVAILABILITY = YES_AGGRESSIVE;
				CLANG_WARN_UNREACHABLE_CODE = YES;
				CLANG_WARN__DUPLICATE_METHOD_MATCH = YES;
				COPY_PHASE_STRIP = NO;
				DEBUG_INFORMATION_FORMAT = "dwarf-with-dsym";
				ENABLE_NS_ASSERTIONS = NO;
				ENABLE_STRICT_OBJC_MSGSEND = YES;
				GCC_C_LANGUAGE_STANDARD = gnu11;
				GCC_NO_COMMON_BLOCKS = YES;
				GCC_WARN_64_TO_32_BIT_CONVERSION = YES;
				GCC_WARN_ABOUT_RETURN_TYPE = YES_ERROR;
				GCC_WARN_UNDECLARED_SELECTOR = YES;
				GCC_WARN_UNINITIALIZED_AUTOS = YES_AGGRESSIVE;
				GCC_WARN_UNUSED_FUNCTION = YES;
				GCC_WARN_UNUSED_VARIABLE = YES;
				IPHONEOS_DEPLOYMENT_TARGET = 16.4;
				MTL_ENABLE_DEBUG_INFO = NO;
				MTL_FAST_MATH = YES;
				SDKROOT = iphoneos;
				SWIFT_COMPILATION_MODE = wholemodule;
				SWIFT_OPTIMIZATION_LEVEL = "-O";
				VALIDATE_PRODUCT = YES;
			};
			name = Release;
		};
		60E965412A5562E800014C7F /* Debug */ = {
			isa = XCBuildConfiguration;
			baseConfigurationReference = 3C627EBDCEE90B6EC481CE3A /* Pods-PixelPioneers.debug.xcconfig */;
			buildSettings = {
				ASSETCATALOG_COMPILER_APPICON_NAME = AppIcon;
				ASSETCATALOG_COMPILER_GLOBAL_ACCENT_COLOR_NAME = AccentColor;
				"CODE_SIGN_IDENTITY[sdk=iphoneos*]" = "iPhone Developer";
				CODE_SIGN_STYLE = Manual;
				CURRENT_PROJECT_VERSION = 1;
				DEVELOPMENT_TEAM = "";
				"DEVELOPMENT_TEAM[sdk=iphoneos*]" = 88M5C3GJL6;
				GENERATE_INFOPLIST_FILE = YES;
				INFOPLIST_FILE = PixelPioneers/Info.plist;
				INFOPLIST_KEY_UIApplicationSupportsIndirectInputEvents = YES;
				INFOPLIST_KEY_UILaunchStoryboardName = LaunchScreen;
				INFOPLIST_KEY_UIMainStoryboardFile = Main;
				INFOPLIST_KEY_UISupportedInterfaceOrientations_iPad = "UIInterfaceOrientationPortrait UIInterfaceOrientationPortraitUpsideDown UIInterfaceOrientationLandscapeLeft UIInterfaceOrientationLandscapeRight";
				INFOPLIST_KEY_UISupportedInterfaceOrientations_iPhone = "UIInterfaceOrientationPortrait UIInterfaceOrientationLandscapeLeft UIInterfaceOrientationLandscapeRight";
				IPHONEOS_DEPLOYMENT_TARGET = 15.0;
				LD_RUNPATH_SEARCH_PATHS = (
					"$(inherited)",
					"@executable_path/Frameworks",
				);
				MARKETING_VERSION = 1.0;
				PRODUCT_BUNDLE_IDENTIFIER = com.one97.paytm.all;
				PRODUCT_NAME = "$(TARGET_NAME)";
				PROVISIONING_PROFILE_SPECIFIER = "";
				"PROVISIONING_PROFILE_SPECIFIER[sdk=iphoneos*]" = PaytmAll_Development_Profile;
				SWIFT_EMIT_LOC_STRINGS = YES;
				SWIFT_VERSION = 5.0;
				TARGETED_DEVICE_FAMILY = "1,2";
			};
			name = Debug;
		};
		60E965422A5562E800014C7F /* Release */ = {
			isa = XCBuildConfiguration;
			baseConfigurationReference = F401D6C4AFE89ED4F6DBDB8D /* Pods-PixelPioneers.release.xcconfig */;
			buildSettings = {
				ASSETCATALOG_COMPILER_APPICON_NAME = AppIcon;
				ASSETCATALOG_COMPILER_GLOBAL_ACCENT_COLOR_NAME = AccentColor;
				"CODE_SIGN_IDENTITY[sdk=iphoneos*]" = "iPhone Developer";
				CODE_SIGN_STYLE = Manual;
				CURRENT_PROJECT_VERSION = 1;
				DEVELOPMENT_TEAM = "";
				"DEVELOPMENT_TEAM[sdk=iphoneos*]" = 88M5C3GJL6;
				GENERATE_INFOPLIST_FILE = YES;
				INFOPLIST_FILE = PixelPioneers/Info.plist;
				INFOPLIST_KEY_UIApplicationSupportsIndirectInputEvents = YES;
				INFOPLIST_KEY_UILaunchStoryboardName = LaunchScreen;
				INFOPLIST_KEY_UIMainStoryboardFile = Main;
				INFOPLIST_KEY_UISupportedInterfaceOrientations_iPad = "UIInterfaceOrientationPortrait UIInterfaceOrientationPortraitUpsideDown UIInterfaceOrientationLandscapeLeft UIInterfaceOrientationLandscapeRight";
				INFOPLIST_KEY_UISupportedInterfaceOrientations_iPhone = "UIInterfaceOrientationPortrait UIInterfaceOrientationLandscapeLeft UIInterfaceOrientationLandscapeRight";
				IPHONEOS_DEPLOYMENT_TARGET = 15.0;
				LD_RUNPATH_SEARCH_PATHS = (
					"$(inherited)",
					"@executable_path/Frameworks",
				);
				MARKETING_VERSION = 1.0;
				PRODUCT_BUNDLE_IDENTIFIER = com.one97.paytm.all;
				PRODUCT_NAME = "$(TARGET_NAME)";
				PROVISIONING_PROFILE_SPECIFIER = "";
				"PROVISIONING_PROFILE_SPECIFIER[sdk=iphoneos*]" = PaytmAll_Development_Profile;
				SWIFT_EMIT_LOC_STRINGS = YES;
				SWIFT_VERSION = 5.0;
				TARGETED_DEVICE_FAMILY = "1,2";
			};
			name = Release;
		};
/* End XCBuildConfiguration section */

/* Begin XCConfigurationList section */
		60E965272A5562E600014C7F /* Build configuration list for PBXProject "PixelPioneers" */ = {
			isa = XCConfigurationList;
			buildConfigurations = (
				60E9653E2A5562E800014C7F /* Debug */,
				60E9653F2A5562E800014C7F /* Release */,
			);
			defaultConfigurationIsVisible = 0;
			defaultConfigurationName = Release;
		};
		60E965402A5562E800014C7F /* Build configuration list for PBXNativeTarget "PixelPioneers" */ = {
			isa = XCConfigurationList;
			buildConfigurations = (
				60E965412A5562E800014C7F /* Debug */,
				60E965422A5562E800014C7F /* Release */,
			);
			defaultConfigurationIsVisible = 0;
			defaultConfigurationName = Release;
		};
/* End XCConfigurationList section */
	};
	rootObject = 60E965242A5562E600014C7F /* Project object */;
}
